
Microsoft Visual Studio Solution File, Format Version 12.00
Project("{2150E333-8FDC-42A3-9474-1A3956D46DE8}") = "Source", "Source", "{C0222D9D-3F94-4311-9750-A38F8724E940}"
EndProject
Project("{2150E333-8FDC-42A3-9474-1A3956D46DE8}") = "1 - Presentation", "1 - Presentation", "{8413548A-949B-4F80-A681-4752295CFA8E}"
EndProject
Project("{2150E333-8FDC-42A3-9474-1A3956D46DE8}") = "2 - Services", "2 - Services", "{0C733C07-BBA0-4C2D-AA82-04DA0AD02863}"
EndProject
Project("{2150E333-8FDC-42A3-9474-1A3956D46DE8}") = "4 - Domain", "4 - Domain", "{9280B16B-A45E-4E92-87AC-FFD14718FB85}"
EndProject
Project("{2150E333-8FDC-42A3-9474-1A3956D46DE8}") = "BackEnd", "BackEnd", "{8A9BEA6E-04C1-4B09-8B80-23358DFDB659}"
EndProject
Project("{54A90642-561A-4BB1-A94E-469ADEE60C69}") = "EstudosSolution.StockPlus.FrontEnd", "Source\EstudosSolution.StockPlus.FrontEnd\EstudosSolution.StockPlus.FrontEnd.esproj", "{EEF2660D-2B6C-41E0-9255-10C6D39889B2}"
EndProject
Project("{FAE04EC0-301F-11D3-BF4B-00C04F79EFBC}") = "EstudosSolution.StockPlus.Api", "Source\EstudosSolution.StockPlus.Api\EstudosSolution.StockPlus.Api.csproj", "{B03582CE-859D-43AA-939F-0943691D0257}"
EndProject
Project("{FAE04EC0-301F-11D3-BF4B-00C04F79EFBC}") = "Solution Itens", "Solution Itens\Solution Itens.csproj", "{6A5049E1-226C-4EDF-A4EC-2E5AC14636A6}"
EndProject
Project("{FAE04EC0-301F-11D3-BF4B-00C04F79EFBC}") = "EstudosSolution.StockPlus.Domain", "Source\EstudosSolution.StockPlus.Domain\EstudosSolution.StockPlus.Domain.csproj", "{315DAF28-CC9E-4286-AEA8-E8FC24630485}"
EndProject
Project("{2150E333-8FDC-42A3-9474-1A3956D46DE8}") = "3 - Application", "3 - Application", "{C10BC648-4160-4FCC-B9A8-FDD514438C95}"
EndProject
Project("{FAE04EC0-301F-11D3-BF4B-00C04F79EFBC}") = "EstudosSolution.StockPlus.Application", "Source\EstudosSolution.StockPlus.Application\EstudosSolution.StockPlus.Application.csproj", "{381B3281-B916-4E8F-B996-22A424CFC32B}"
EndProject
Project("{2150E333-8FDC-42A3-9474-1A3956D46DE8}") = "5 - infra", "5 - infra", "{2D4A0394-7027-40BF-96CA-8F0B1D1FABED}"
EndProject
Project("{FAE04EC0-301F-11D3-BF4B-00C04F79EFBC}") = "EstudosSolution.StockPlus.Infra", "Source\EstudosSolution.StockPlus.Infra\EstudosSolution.StockPlus.Infra.csproj", "{7B80F9B8-A370-46C5-B480-B4C9A69911CC}"
EndProject
Global
	GlobalSection(SolutionConfigurationPlatforms) = preSolution
		Debug|Any CPU = Debug|Any CPU
		Release|Any CPU = Release|Any CPU
	EndGlobalSection
	GlobalSection(NestedProjects) = preSolution
		{8413548A-949B-4F80-A681-4752295CFA8E} = {C0222D9D-3F94-4311-9750-A38F8724E940}
		{0C733C07-BBA0-4C2D-AA82-04DA0AD02863} = {C0222D9D-3F94-4311-9750-A38F8724E940}
		{9280B16B-A45E-4E92-87AC-FFD14718FB85} = {C0222D9D-3F94-4311-9750-A38F8724E940}
		{8A9BEA6E-04C1-4B09-8B80-23358DFDB659} = {0C733C07-BBA0-4C2D-AA82-04DA0AD02863}
		{EEF2660D-2B6C-41E0-9255-10C6D39889B2} = {8413548A-949B-4F80-A681-4752295CFA8E}
		{B03582CE-859D-43AA-939F-0943691D0257} = {8A9BEA6E-04C1-4B09-8B80-23358DFDB659}
		{315DAF28-CC9E-4286-AEA8-E8FC24630485} = {9280B16B-A45E-4E92-87AC-FFD14718FB85}
		{C10BC648-4160-4FCC-B9A8-FDD514438C95} = {C0222D9D-3F94-4311-9750-A38F8724E940}
		{381B3281-B916-4E8F-B996-22A424CFC32B} = {C10BC648-4160-4FCC-B9A8-FDD514438C95}
		{2D4A0394-7027-40BF-96CA-8F0B1D1FABED} = {C0222D9D-3F94-4311-9750-A38F8724E940}
		{7B80F9B8-A370-46C5-B480-B4C9A69911CC} = {2D4A0394-7027-40BF-96CA-8F0B1D1FABED}
	EndGlobalSection
	GlobalSection(ProjectConfigurationPlatforms) = postSolution
		{EEF2660D-2B6C-41E0-9255-10C6D39889B2}.Debug|Any CPU.ActiveCfg = Debug|Any CPU
		{EEF2660D-2B6C-41E0-9255-10C6D39889B2}.Debug|Any CPU.Build.0 = Debug|Any CPU
		{EEF2660D-2B6C-41E0-9255-10C6D39889B2}.Release|Any CPU.ActiveCfg = Debug|Any CPU
		{EEF2660D-2B6C-41E0-9255-10C6D39889B2}.Release|Any CPU.Build.0 = Debug|Any CPU
		{B03582CE-859D-43AA-939F-0943691D0257}.Debug|Any CPU.ActiveCfg = Debug|Any CPU
		{B03582CE-859D-43AA-939F-0943691D0257}.Debug|Any CPU.Build.0 = Debug|Any CPU
		{B03582CE-859D-43AA-939F-0943691D0257}.Release|Any CPU.ActiveCfg = Release|Any CPU
		{B03582CE-859D-43AA-939F-0943691D0257}.Release|Any CPU.Build.0 = Release|Any CPU
		{6A5049E1-226C-4EDF-A4EC-2E5AC14636A6}.Debug|Any CPU.ActiveCfg = Debug|Any CPU
		{6A5049E1-226C-4EDF-A4EC-2E5AC14636A6}.Debug|Any CPU.Build.0 = Debug|Any CPU
		{6A5049E1-226C-4EDF-A4EC-2E5AC14636A6}.Release|Any CPU.ActiveCfg = Release|Any CPU
		{6A5049E1-226C-4EDF-A4EC-2E5AC14636A6}.Release|Any CPU.Build.0 = Release|Any CPU
		{315DAF28-CC9E-4286-AEA8-E8FC24630485}.Debug|Any CPU.ActiveCfg = Debug|Any CPU
		{315DAF28-CC9E-4286-AEA8-E8FC24630485}.Debug|Any CPU.Build.0 = Debug|Any CPU
		{315DAF28-CC9E-4286-AEA8-E8FC24630485}.Release|Any CPU.ActiveCfg = Release|Any CPU
		{315DAF28-CC9E-4286-AEA8-E8FC24630485}.Release|Any CPU.Build.0 = Release|Any CPU
		{381B3281-B916-4E8F-B996-22A424CFC32B}.Debug|Any CPU.ActiveCfg = Debug|Any CPU
		{381B3281-B916-4E8F-B996-22A424CFC32B}.Debug|Any CPU.Build.0 = Debug|Any CPU
		{381B3281-B916-4E8F-B996-22A424CFC32B}.Release|Any CPU.ActiveCfg = Release|Any CPU
		{381B3281-B916-4E8F-B996-22A424CFC32B}.Release|Any CPU.Build.0 = Release|Any CPU
		{7B80F9B8-A370-46C5-B480-B4C9A69911CC}.Debug|Any CPU.ActiveCfg = Debug|Any CPU
		{7B80F9B8-A370-46C5-B480-B4C9A69911CC}.Debug|Any CPU.Build.0 = Debug|Any CPU
		{7B80F9B8-A370-46C5-B480-B4C9A69911CC}.Release|Any CPU.ActiveCfg = Release|Any CPU
		{7B80F9B8-A370-46C5-B480-B4C9A69911CC}.Release|Any CPU.Build.0 = Release|Any CPU
	EndGlobalSection
EndGlobal
